{
  "nodes": {
    "nix": {
      "flake": false,
      "locked": {
        "lastModified": 1677045134,
        "narHash": "sha256-jUc2ccTR8f6MGY2pUKgujm+lxSPNGm/ZAP+toX+nMNc=",
        "owner": "NixOS",
        "repo": "nix",
        "rev": "4acc684ef7b3117c6d6ac12837398a0008a53d85",
        "type": "github"
      },
      "original": {
        "owner": "NixOS",
        "ref": "2.13.3",
        "repo": "nix",
        "type": "github"
      }
    },
    "nixpkgs": {
      "locked": {
        "lastModified": 1674211260,
        "narHash": "sha256-xU6Rv9sgnwaWK7tgCPadV6HhI2Y/fl4lKxJoG2+m9qs=",
        "owner": "NixOS",
        "repo": "nixpkgs",
        "rev": "5ed481943351e9fd354aeb557679624224de38d5",
        "type": "github"
      },
      "original": {
        "owner": "NixOS",
        "repo": "nixpkgs",
        "rev": "5ed481943351e9fd354aeb557679624224de38d5",
        "type": "github"
      }
    },
    "root": {
      "inputs": {
        "nix": "nix",
        "nixpkgs": "nixpkgs"
      }
    }
  },
  "root": "root",
  "version": 7
}
